
Microsoft Visual Studio Solution File, Format Version 12.00
# Visual Studio Version 17
VisualStudioVersion = 17.3.32825.248
MinimumVisualStudioVersion = 10.0.40219.1
Project("{FAE04EC0-301F-11D3-BF4B-00C04F79EFBC}") = "Weekly_exercises_3__WebForm", "Weekly_exercises_3__WebForm\Weekly_exercises_3__WebForm.csproj", "{A298A939-665F-4421-83F8-77B11737402B}"
EndProject
Global
	GlobalSection(SolutionConfigurationPlatforms) = preSolution
		Debug|Any CPU = Debug|Any CPU
		Release|Any CPU = Release|Any CPU
	EndGlobalSection
	GlobalSection(ProjectConfigurationPlatforms) = postSolution
		{A298A939-665F-4421-83F8-77B11737402B}.Debug|Any CPU.ActiveCfg = Debug|Any CPU
		{A298A939-665F-4421-83F8-77B11737402B}.Debug|Any CPU.Build.0 = Debug|Any CPU
		{A298A939-665F-4421-83F8-77B11737402B}.Release|Any CPU.ActiveCfg = Release|Any CPU
		{A298A939-665F-4421-83F8-77B11737402B}.Release|Any CPU.Build.0 = Release|Any CPU
	EndGlobalSection
	GlobalSection(SolutionProperties) = preSolution
		HideSolutionNode = FALSE
	EndGlobalSection
	GlobalSection(ExtensibilityGlobals) = postSolution
		SolutionGuid = {98BDFA23-5881-452A-95CA-D4E3AF20250D}
	EndGlobalSection
EndGlobal
